
Microsoft Visual Studio Solution File, Format Version 12.00
# Visual Studio Version 17
VisualStudioVersion = 17.14.37411.7
MinimumVisualStudioVersion = 10.0.40219.1
Project("{FAE04EC0-301F-11D3-BF4B-00C04F79EFBC}") = "PnSAPI", "PnSAPI.csproj", "{16B59FD1-39C9-42D0-BB14-82F5C4737FF2}"
EndProject
Project("{FAE04EC0-301F-11D3-BF4B-00C04F79EFBC}") = "PnSAPITest", "..\PnSAPITest\PnSAPITest.csproj", "{C1D489B9-502C-4670-AF6F-31BE7ABA9A1C}"
EndProject
Global
	GlobalSection(SolutionConfigurationPlatforms) = preSolution
		Debug|Any CPU = Debug|Any CPU
		Release|Any CPU = Release|Any CPU
	EndGlobalSection
	GlobalSection(ProjectConfigurationPlatforms) = postSolution
		{16B59FD1-39C9-42D0-BB14-82F5C4737FF2}.Debug|Any CPU.ActiveCfg = Debug|Any CPU
		{16B59FD1-39C9-42D0-BB14-82F5C4737FF2}.Debug|Any CPU.Build.0 = Debug|Any CPU
		{16B59FD1-39C9-42D0-BB14-82F5C4737FF2}.Release|Any CPU.ActiveCfg = Release|Any CPU
		{16B59FD1-39C9-42D0-BB14-82F5C4737FF2}.Release|Any CPU.Build.0 = Release|Any CPU
		{C1D489B9-502C-4670-AF6F-31BE7ABA9A1C}.Debug|Any CPU.ActiveCfg = Debug|Any CPU
		{C1D489B9-502C-4670-AF6F-31BE7ABA9A1C}.Debug|Any CPU.Build.0 = Debug|Any CPU
		{C1D489B9-502C-4670-AF6F-31BE7ABA9A1C}.Release|Any CPU.ActiveCfg = Release|Any CPU
		{C1D489B9-502C-4670-AF6F-31BE7ABA9A1C}.Release|Any CPU.Build.0 = Release|Any CPU
	EndGlobalSection
	GlobalSection(SolutionProperties) = preSolution
		HideSolutionNode = FALSE
	EndGlobalSection
	GlobalSection(ExtensibilityGlobals) = postSolution
		SolutionGuid = {1EB3593A-D1DE-4D99-8A45-D265D7F56E3E}
	EndGlobalSection
EndGlobal
